{
  "name": "go-gin-fly-io-starter-sample-data",
  "version": "0.1.0",
  "lockfileVersion": 3,
  "requires": true,
  "packages": {
    "": {
      "name": "go-gin-fly-io-starter-sample-data",
      "version": "0.1.0",
      "dependencies": {
        "fauna": "^0.9.4"
      }
    },
    "node_modules/fauna": {
      "version": "0.9.4",
      "resolved": "https://registry.npmjs.org/fauna/-/fauna-0.9.4.tgz",
      "integrity": "sha512-lQC3K9/KL90D/5wGYbjrPGDbOSMZBPsAwSIWjk06DUZ5b2gMkU2E21FoDxePk573EzdSyJqo837fMQhYCu5IpA=="
    }
  }
}
